
Microsoft Visual Studio Solution File, Format Version 12.00
# Visual Studio Version 17
VisualStudioVersion = 17.14.36414.22 d17.14
MinimumVisualStudioVersion = 10.0.40219.1
Project("{FAE04EC0-301F-11D3-BF4B-00C04F79EFBC}") = "StudentsGrade", "StudentsGrade.csproj", "{78FD69E7-5D39-4BA0-A23F-430BE2D7487C}"
EndProject
Global
	GlobalSection(SolutionConfigurationPlatforms) = preSolution
		Debug|Any CPU = Debug|Any CPU
		Release|Any CPU = Release|Any CPU
	EndGlobalSection
	GlobalSection(ProjectConfigurationPlatforms) = postSolution
		{78FD69E7-5D39-4BA0-A23F-430BE2D7487C}.Debug|Any CPU.ActiveCfg = Debug|Any CPU
		{78FD69E7-5D39-4BA0-A23F-430BE2D7487C}.Debug|Any CPU.Build.0 = Debug|Any CPU
		{78FD69E7-5D39-4BA0-A23F-430BE2D7487C}.Release|Any CPU.ActiveCfg = Release|Any CPU
		{78FD69E7-5D39-4BA0-A23F-430BE2D7487C}.Release|Any CPU.Build.0 = Release|Any CPU
	EndGlobalSection
	GlobalSection(SolutionProperties) = preSolution
		HideSolutionNode = FALSE
	EndGlobalSection
	GlobalSection(ExtensibilityGlobals) = postSolution
		SolutionGuid = {EE833A11-4F90-46E3-A6CE-CDD7FCA037B4}
	EndGlobalSection
EndGlobal
